
Microsoft Visual Studio Solution File, Format Version 12.00
# Visual Studio Version 17
VisualStudioVersion = 17.6.33723.286
MinimumVisualStudioVersion = 10.0.40219.1
Project("{9A19103F-16F7-4668-BE54-9A1E7A4F7556}") = "ProjectCosplay", "exemple API ASPNET\ProjectCosplay.csproj", "{318FB8B0-E181-4712-B8C5-5A4693896ED7}"
EndProject
Global
	GlobalSection(SolutionConfigurationPlatforms) = preSolution
		Debug|Any CPU = Debug|Any CPU
		Release|Any CPU = Release|Any CPU
	EndGlobalSection
	GlobalSection(ProjectConfigurationPlatforms) = postSolution
		{318FB8B0-E181-4712-B8C5-5A4693896ED7}.Debug|Any CPU.ActiveCfg = Debug|Any CPU
		{318FB8B0-E181-4712-B8C5-5A4693896ED7}.Debug|Any CPU.Build.0 = Debug|Any CPU
		{318FB8B0-E181-4712-B8C5-5A4693896ED7}.Release|Any CPU.ActiveCfg = Release|Any CPU
		{318FB8B0-E181-4712-B8C5-5A4693896ED7}.Release|Any CPU.Build.0 = Release|Any CPU
	EndGlobalSection
	GlobalSection(SolutionProperties) = preSolution
		HideSolutionNode = FALSE
	EndGlobalSection
	GlobalSection(ExtensibilityGlobals) = postSolution
		SolutionGuid = {A91F21A2-8244-47AB-9144-DB056C31C2D8}
	EndGlobalSection
EndGlobal
